
Microsoft Visual Studio Solution File, Format Version 12.00
# Visual Studio 15
VisualStudioVersion = 15.0.28307.902
MinimumVisualStudioVersion = 10.0.40219.1
Project("{FAE04EC0-301F-11D3-BF4B-00C04F79EFBC}") = "WindowsFormsApp1", "WindowsFormsApp1\WindowsFormsApp1.csproj", "{43E4F8A8-5F48-48C4-8D55-39AEA1809C5E}"
EndProject
Global
	GlobalSection(SolutionConfigurationPlatforms) = preSolution
		Debug|Any CPU = Debug|Any CPU
		Release|Any CPU = Release|Any CPU
	EndGlobalSection
	GlobalSection(ProjectConfigurationPlatforms) = postSolution
		{43E4F8A8-5F48-48C4-8D55-39AEA1809C5E}.Debug|Any CPU.ActiveCfg = Debug|Any CPU
		{43E4F8A8-5F48-48C4-8D55-39AEA1809C5E}.Debug|Any CPU.Build.0 = Debug|Any CPU
		{43E4F8A8-5F48-48C4-8D55-39AEA1809C5E}.Release|Any CPU.ActiveCfg = Release|Any CPU
		{43E4F8A8-5F48-48C4-8D55-39AEA1809C5E}.Release|Any CPU.Build.0 = Release|Any CPU
	EndGlobalSection
	GlobalSection(SolutionProperties) = preSolution
		HideSolutionNode = FALSE
	EndGlobalSection
	GlobalSection(ExtensibilityGlobals) = postSolution
		SolutionGuid = {BE51A6E3-38C8-43BB-A17E-59911843A9D5}
	EndGlobalSection
EndGlobal
